
Microsoft Visual Studio Solution File, Format Version 12.00
# Visual Studio Version 16
VisualStudioVersion = 16.0.30114.105
MinimumVisualStudioVersion = 10.0.40219.1
Project("{2150E333-8FDC-42A3-9474-1A3956D46DE8}") = "src", "src", "{5FC843F1-FD52-4126-8037-C891777E3CBF}"
EndProject
Project("{9A19103F-16F7-4668-BE54-9A1E7A4F7556}") = "API", "src\API\API.csproj", "{2B8B16B0-D5E9-4C14-9463-DD50AEC34558}"
EndProject
Project("{9A19103F-16F7-4668-BE54-9A1E7A4F7556}") = "Application", "src\Application\Application.csproj", "{F2F87BE6-7942-4EEA-A936-D89FCF5D3685}"
EndProject
Project("{9A19103F-16F7-4668-BE54-9A1E7A4F7556}") = "Domain", "src\Domain\Domain.csproj", "{3704B096-377F-4C70-8AF3-A076707440B3}"
EndProject
Project("{9A19103F-16F7-4668-BE54-9A1E7A4F7556}") = "Infrastructure", "src\Infrastructure\Infrastructure.csproj", "{C699A2C2-89F6-45D8-A558-20F5FE0A81C8}"
EndProject
Global
	GlobalSection(SolutionConfigurationPlatforms) = preSolution
		Debug|Any CPU = Debug|Any CPU
		Release|Any CPU = Release|Any CPU
	EndGlobalSection
	GlobalSection(ProjectConfigurationPlatforms) = postSolution
		{2B8B16B0-D5E9-4C14-9463-DD50AEC34558}.Debug|Any CPU.ActiveCfg = Debug|Any CPU
		{2B8B16B0-D5E9-4C14-9463-DD50AEC34558}.Debug|Any CPU.Build.0 = Debug|Any CPU
		{2B8B16B0-D5E9-4C14-9463-DD50AEC34558}.Release|Any CPU.ActiveCfg = Release|Any CPU
		{2B8B16B0-D5E9-4C14-9463-DD50AEC34558}.Release|Any CPU.Build.0 = Release|Any CPU
		{F2F87BE6-7942-4EEA-A936-D89FCF5D3685}.Debug|Any CPU.ActiveCfg = Debug|Any CPU
		{F2F87BE6-7942-4EEA-A936-D89FCF5D3685}.Debug|Any CPU.Build.0 = Debug|Any CPU
		{F2F87BE6-7942-4EEA-A936-D89FCF5D3685}.Release|Any CPU.ActiveCfg = Release|Any CPU
		{F2F87BE6-7942-4EEA-A936-D89FCF5D3685}.Release|Any CPU.Build.0 = Release|Any CPU
		{3704B096-377F-4C70-8AF3-A076707440B3}.Debug|Any CPU.ActiveCfg = Debug|Any CPU
		{3704B096-377F-4C70-8AF3-A076707440B3}.Debug|Any CPU.Build.0 = Debug|Any CPU
		{3704B096-377F-4C70-8AF3-A076707440B3}.Release|Any CPU.ActiveCfg = Release|Any CPU
		{3704B096-377F-4C70-8AF3-A076707440B3}.Release|Any CPU.Build.0 = Release|Any CPU
		{C699A2C2-89F6-45D8-A558-20F5FE0A81C8}.Debug|Any CPU.ActiveCfg = Debug|Any CPU
		{C699A2C2-89F6-45D8-A558-20F5FE0A81C8}.Debug|Any CPU.Build.0 = Debug|Any CPU
		{C699A2C2-89F6-45D8-A558-20F5FE0A81C8}.Release|Any CPU.ActiveCfg = Release|Any CPU
		{C699A2C2-89F6-45D8-A558-20F5FE0A81C8}.Release|Any CPU.Build.0 = Release|Any CPU
	EndGlobalSection
	GlobalSection(SolutionProperties) = preSolution
		HideSolutionNode = FALSE
	EndGlobalSection
	GlobalSection(NestedProjects) = preSolution
		{2B8B16B0-D5E9-4C14-9463-DD50AEC34558} = {5FC843F1-FD52-4126-8037-C891777E3CBF}
		{F2F87BE6-7942-4EEA-A936-D89FCF5D3685} = {5FC843F1-FD52-4126-8037-C891777E3CBF}
		{3704B096-377F-4C70-8AF3-A076707440B3} = {5FC843F1-FD52-4126-8037-C891777E3CBF}
		{C699A2C2-89F6-45D8-A558-20F5FE0A81C8} = {5FC843F1-FD52-4126-8037-C891777E3CBF}
	EndGlobalSection
	GlobalSection(ExtensibilityGlobals) = postSolution
		SolutionGuid = {A7909B8D-52FF-4D79-B8EE-92AD36A8A820}
	EndGlobalSection
EndGlobal
